# This is a Gradle generated file for dependency locking.
# Manual edits can break the build and are not advised.
# This file is expected to be part of source control.
ch.qos.logback:logback-classic:1.3.5=ktlint
ch.qos.logback:logback-classic:1.5.18=acceptanceTestCompileClasspath,acceptanceTestImplementationDependenciesMetadata,acceptanceTestRuntimeClasspath,compileClasspath,implementationDependenciesMetadata,runtimeClasspath,testCompileClasspath,testImplementationDependenciesMetadata,testRuntimeClasspath
ch.qos.logback:logback-core:1.3.5=ktlint
ch.qos.logback:logback-core:1.5.18=acceptanceTestCompileClasspath,acceptanceTestImplementationDependenciesMetadata,acceptanceTestRuntimeClasspath,compileClasspath,implementationDependenciesMetadata,runtimeClasspath,testCompileClasspath,testImplementationDependenciesMetadata,testRuntimeClasspath
com.fasterxml.jackson.core:jackson-annotations:2.12.7=dokkaGfmPartialPlugin,dokkaGfmPartialRuntime,dokkaGfmPlugin,dokkaGfmRuntime,dokkaHtmlPartialPlugin,dokkaHtmlPartialRuntime,dokkaHtmlPlugin,dokkaHtmlRuntime,dokkaJavadocPartialPlugin,dokkaJavadocPartialRuntime,dokkaJavadocPlugin,dokkaJavadocRuntime,dokkaJekyllPartialPlugin,dokkaJekyllPartialRuntime,dokkaJekyllPlugin,dokkaJekyllRuntime
com.fasterxml.jackson.core:jackson-annotations:2.19.2=acceptanceTestCompileClasspath,acceptanceTestImplementationDependenciesMetadata,acceptanceTestRuntimeClasspath,compileClasspath,implementationDependenciesMetadata,runtimeClasspath,testCompileClasspath,testImplementationDependenciesMetadata,testRuntimeClasspath
com.fasterxml.jackson.core:jackson-core:2.12.7=dokkaGfmPartialPlugin,dokkaGfmPartialRuntime,dokkaGfmPlugin,dokkaGfmRuntime,dokkaHtmlPartialPlugin,dokkaHtmlPartialRuntime,dokkaHtmlPlugin,dokkaHtmlRuntime,dokkaJavadocPartialPlugin,dokkaJavadocPartialRuntime,dokkaJavadocPlugin,dokkaJavadocRuntime,dokkaJekyllPartialPlugin,dokkaJekyllPartialRuntime,dokkaJekyllPlugin,dokkaJekyllRuntime
com.fasterxml.jackson.core:jackson-core:2.19.2=acceptanceTestCompileClasspath,acceptanceTestImplementationDependenciesMetadata,acceptanceTestRuntimeClasspath,compileClasspath,implementationDependenciesMetadata,runtimeClasspath,testCompileClasspath,testImplementationDependenciesMetadata,testRuntimeClasspath
com.fasterxml.jackson.core:jackson-databind:2.12.7.1=dokkaGfmPartialPlugin,dokkaGfmPartialRuntime,dokkaGfmPlugin,dokkaGfmRuntime,dokkaHtmlPartialPlugin,dokkaHtmlPartialRuntime,dokkaHtmlPlugin,dokkaHtmlRuntime,dokkaJavadocPartialPlugin,dokkaJavadocPartialRuntime,dokkaJavadocPlugin,dokkaJavadocRuntime,dokkaJekyllPartialPlugin,dokkaJekyllPartialRuntime,dokkaJekyllPlugin,dokkaJekyllRuntime
com.fasterxml.jackson.core:jackson-databind:2.19.2=acceptanceTestCompileClasspath,acceptanceTestImplementationDependenciesMetadata,acceptanceTestRuntimeClasspath,compileClasspath,implementationDependenciesMetadata,runtimeClasspath,testCompileClasspath,testImplementationDependenciesMetadata,testRuntimeClasspath
com.fasterxml.jackson.dataformat:jackson-dataformat-toml:2.19.2=acceptanceTestRuntimeClasspath
com.fasterxml.jackson.dataformat:jackson-dataformat-xml:2.12.7=dokkaGfmPartialRuntime,dokkaGfmRuntime,dokkaHtmlPartialRuntime,dokkaHtmlRuntime,dokkaJavadocPartialRuntime,dokkaJavadocRuntime,dokkaJekyllPartialRuntime,dokkaJekyllRuntime
com.fasterxml.jackson.datatype:jackson-datatype-jdk8:2.19.2=acceptanceTestCompileClasspath,acceptanceTestImplementationDependenciesMetadata,acceptanceTestRuntimeClasspath,compileClasspath,implementationDependenciesMetadata,runtimeClasspath,testCompileClasspath,testImplementationDependenciesMetadata,testRuntimeClasspath
com.fasterxml.jackson.datatype:jackson-datatype-jsr310:2.19.2=acceptanceTestCompileClasspath,acceptanceTestImplementationDependenciesMetadata,acceptanceTestRuntimeClasspath,compileClasspath,implementationDependenciesMetadata,runtimeClasspath,testCompileClasspath,testImplementationDependenciesMetadata,testRuntimeClasspath
com.fasterxml.jackson.module:jackson-module-jaxb-annotations:2.12.7=dokkaGfmPartialRuntime,dokkaGfmRuntime,dokkaHtmlPartialRuntime,dokkaHtmlRuntime,dokkaJavadocPartialRuntime,dokkaJavadocRuntime,dokkaJekyllPartialRuntime,dokkaJekyllRuntime
com.fasterxml.jackson.module:jackson-module-kotlin:2.12.7=dokkaGfmPartialPlugin,dokkaGfmPartialRuntime,dokkaGfmPlugin,dokkaGfmRuntime,dokkaHtmlPartialPlugin,dokkaHtmlPartialRuntime,dokkaHtmlPlugin,dokkaHtmlRuntime,dokkaJavadocPartialPlugin,dokkaJavadocPartialRuntime,dokkaJavadocPlugin,dokkaJavadocRuntime,dokkaJekyllPartialPlugin,dokkaJekyllPartialRuntime,dokkaJekyllPlugin,dokkaJekyllRuntime
com.fasterxml.jackson.module:jackson-module-kotlin:2.19.2=acceptanceTestCompileClasspath,acceptanceTestImplementationDependenciesMetadata,acceptanceTestRuntimeClasspath
com.fasterxml.jackson.module:jackson-module-parameter-names:2.19.2=acceptanceTestCompileClasspath,acceptanceTestImplementationDependenciesMetadata,acceptanceTestRuntimeClasspath,compileClasspath,implementationDependenciesMetadata,runtimeClasspath,testCompileClasspath,testImplementationDependenciesMetadata,testRuntimeClasspath
com.fasterxml.jackson:jackson-bom:2.12.7=dokkaGfmPartialPlugin,dokkaGfmPartialRuntime,dokkaGfmPlugin,dokkaGfmRuntime,dokkaHtmlPartialPlugin,dokkaHtmlPartialRuntime,dokkaHtmlPlugin,dokkaHtmlRuntime,dokkaJavadocPartialPlugin,dokkaJavadocPartialRuntime,dokkaJavadocPlugin,dokkaJavadocRuntime,dokkaJekyllPartialPlugin,dokkaJekyllPartialRuntime,dokkaJekyllPlugin,dokkaJekyllRuntime
com.fasterxml.jackson:jackson-bom:2.19.2=acceptanceTestCompileClasspath,acceptanceTestImplementationDependenciesMetadata,acceptanceTestRuntimeClasspath,compileClasspath,implementationDependenciesMetadata,runtimeClasspath,testCompileClasspath,testImplementationDependenciesMetadata,testRuntimeClasspath
com.fasterxml.woodstox:woodstox-core:6.2.4=dokkaGfmPartialRuntime,dokkaGfmRuntime,dokkaHtmlPartialRuntime,dokkaHtmlRuntime,dokkaJavadocPartialRuntime,dokkaJavadocRuntime,dokkaJekyllPartialRuntime,dokkaJekyllRuntime
com.github.docker-java:docker-java-api:3.4.2=acceptanceTestRuntimeClasspath
com.github.docker-java:docker-java-transport-zerodep:3.4.2=acceptanceTestRuntimeClasspath
com.github.docker-java:docker-java-transport:3.4.2=acceptanceTestRuntimeClasspath
com.google.android:annotations:4.1.1.4=acceptanceTestRuntimeClasspath,runtimeClasspath,testRuntimeClasspath
com.google.api.grpc:proto-google-common-protos:2.29.0=acceptanceTestRuntimeClasspath,runtimeClasspath,testRuntimeClasspath
com.google.code.findbugs:jsr305:3.0.2=acceptanceTestRuntimeClasspath,runtimeClasspath,testRuntimeClasspath
com.google.code.gson:gson:2.13.1=acceptanceTestRuntimeClasspath,runtimeClasspath,testRuntimeClasspath
com.google.errorprone:error_prone_annotations:2.38.0=acceptanceTestRuntimeClasspath,runtimeClasspath,testRuntimeClasspath
com.google.guava:failureaccess:1.0.1=acceptanceTestRuntimeClasspath,runtimeClasspath,testRuntimeClasspath
com.google.guava:guava:32.1.3-android=acceptanceTestRuntimeClasspath,runtimeClasspath,testRuntimeClasspath
com.google.guava:listenablefuture:9999.0-empty-to-avoid-conflict-with-guava=acceptanceTestRuntimeClasspath,runtimeClasspath,testRuntimeClasspath
com.google.protobuf:protobuf-bom:3.25.5=acceptanceTestCompileClasspath,acceptanceTestImplementationDependenciesMetadata,acceptanceTestRuntimeClasspath,compileClasspath,implementationDependenciesMetadata,runtimeClasspath,testCompileClasspath,testImplementationDependenciesMetadata,testRuntimeClasspath
com.google.protobuf:protobuf-java:3.25.5=acceptanceTestRuntimeClasspath,runtimeClasspath,testRuntimeClasspath
com.google.protobuf:protobuf-kotlin:3.25.5=acceptanceTestRuntimeClasspath,runtimeClasspath,testRuntimeClasspath
com.jayway.jsonpath:json-path:2.9.0=acceptanceTestCompileClasspath,acceptanceTestImplementationDependenciesMetadata,acceptanceTestRuntimeClasspath,testCompileClasspath,testImplementationDependenciesMetadata,testRuntimeClasspath
com.personio.data-registry:platform:1.0.20250905110545=acceptanceTestCompileClasspath,acceptanceTestImplementationDependenciesMetadata,acceptanceTestRuntimeClasspath,compileClasspath,implementationDependenciesMetadata,runtimeClasspath,testCompileClasspath,testImplementationDependenciesMetadata,testRuntimeClasspath
com.personio.data-registry:protoc-gen-grpc-java:1.0.20250905110545=acceptanceTestRuntimeClasspath,runtimeClasspath,testRuntimeClasspath
com.personio.data-registry:protoc-gen-grpc-kotlin:1.0.20250905110545=acceptanceTestRuntimeClasspath,runtimeClasspath,testRuntimeClasspath
com.personio.data-registry:protoc-gen-java:1.0.20250905110545=acceptanceTestRuntimeClasspath,runtimeClasspath,testRuntimeClasspath
com.personio.data-registry:protoc-gen-kotlin:1.0.20250905110545=acceptanceTestRuntimeClasspath,runtimeClasspath,testRuntimeClasspath
com.personio.framework:bom:18.0.1+2025-09-10=acceptanceTestCompileClasspath,acceptanceTestImplementationDependenciesMetadata,acceptanceTestRuntimeClasspath,compileClasspath,implementationDependenciesMetadata,runtimeClasspath,testCompileClasspath,testImplementationDependenciesMetadata,testRuntimeClasspath
com.personio.framework:commons-identifiers:18.0.1+2025-09-10=acceptanceTestCompileClasspath,acceptanceTestImplementationDependenciesMetadata,acceptanceTestRuntimeClasspath,compileClasspath,implementationDependenciesMetadata,runtimeClasspath,testCompileClasspath,testImplementationDependenciesMetadata,testRuntimeClasspath
com.personio.framework:commons-logging-spring:18.0.1+2025-09-10=acceptanceTestRuntimeClasspath,runtimeClasspath,testRuntimeClasspath
com.personio.framework:database-test-support:18.0.1+2025-09-10=acceptanceTestRuntimeClasspath
com.personio.framework:implicit-multitenancy:18.0.1+2025-09-10=acceptanceTestCompileClasspath,acceptanceTestImplementationDependenciesMetadata,acceptanceTestRuntimeClasspath,compileClasspath,implementationDependenciesMetadata,runtimeClasspath,testCompileClasspath,testImplementationDependenciesMetadata,testRuntimeClasspath
com.personio.framework:trace-id-common:18.0.1+2025-09-10=acceptanceTestRuntimeClasspath,runtimeClasspath,testRuntimeClasspath
com.pinterest.ktlint:ktlint-cli-reporter-baseline:1.0.0=ktlint,ktlintBaselineReporter
com.pinterest.ktlint:ktlint-cli-reporter-checkstyle:1.0.0=ktlint
com.pinterest.ktlint:ktlint-cli-reporter-core:1.0.0=ktlint,ktlintBaselineReporter
com.pinterest.ktlint:ktlint-cli-reporter-format:1.0.0=ktlint
com.pinterest.ktlint:ktlint-cli-reporter-html:1.0.0=ktlint
com.pinterest.ktlint:ktlint-cli-reporter-json:1.0.0=ktlint
com.pinterest.ktlint:ktlint-cli-reporter-plain-summary:1.0.0=ktlint
com.pinterest.ktlint:ktlint-cli-reporter-plain:1.0.0=ktlint
com.pinterest.ktlint:ktlint-cli-reporter-sarif:1.0.0=ktlint
com.pinterest.ktlint:ktlint-cli-ruleset-core:1.0.0=ktlint,ktlintRuleset
com.pinterest.ktlint:ktlint-cli:1.0.0=ktlint
com.pinterest.ktlint:ktlint-logger:1.0.0=ktlint,ktlintBaselineReporter,ktlintRuleset
com.pinterest.ktlint:ktlint-rule-engine-core:1.0.0=ktlint,ktlintBaselineReporter,ktlintRuleset
com.pinterest.ktlint:ktlint-rule-engine:1.0.0=ktlint
com.pinterest.ktlint:ktlint-ruleset-standard:1.0.0=ktlint,ktlintRuleset
com.soywiz.korlibs.korte:korte-jvm:4.0.10=dokkaJavadocPartialPlugin,dokkaJavadocPlugin
com.vaadin.external.google:android-json:0.0.20131108.vaadin1=acceptanceTestCompileClasspath,acceptanceTestImplementationDependenciesMetadata,acceptanceTestRuntimeClasspath,testCompileClasspath,testImplementationDependenciesMetadata,testRuntimeClasspath
com.zaxxer:HikariCP:6.3.2=acceptanceTestCompileClasspath,acceptanceTestImplementationDependenciesMetadata,acceptanceTestRuntimeClasspath,testCompileClasspath,testImplementationDependenciesMetadata,testRuntimeClasspath
dev.drewhamilton.poko:poko-annotations-jvm:0.15.0=ktlint,ktlintBaselineReporter,ktlintRuleset
dev.drewhamilton.poko:poko-annotations:0.15.0=ktlint,ktlintBaselineReporter,ktlintRuleset
info.picocli:picocli:4.7.5=ktlint
io.github.detekt.sarif4k:sarif4k-jvm:0.5.0=ktlint,ktlintReporter
io.github.detekt.sarif4k:sarif4k:0.5.0=ktlint,ktlintReporter
io.github.oshai:kotlin-logging-jvm:5.1.0=ktlint,ktlintBaselineReporter,ktlintReporter,ktlintRuleset
io.github.oshai:kotlin-logging:5.1.0=ktlint,ktlintBaselineReporter,ktlintReporter
io.github.resilience4j:resilience4j-bom:2.3.0=acceptanceTestCompileClasspath,acceptanceTestImplementationDependenciesMetadata,acceptanceTestRuntimeClasspath,compileClasspath,implementationDependenciesMetadata,runtimeClasspath,testCompileClasspath,testImplementationDependenciesMetadata,testRuntimeClasspath
io.grpc:grpc-api:1.63.1=acceptanceTestRuntimeClasspath,runtimeClasspath,testRuntimeClasspath
io.grpc:grpc-bom:1.63.1=acceptanceTestCompileClasspath,acceptanceTestImplementationDependenciesMetadata,acceptanceTestRuntimeClasspath,compileClasspath,implementationDependenciesMetadata,runtimeClasspath,testCompileClasspath,testImplementationDependenciesMetadata,testRuntimeClasspath
io.grpc:grpc-context:1.63.1=acceptanceTestRuntimeClasspath,runtimeClasspath,testRuntimeClasspath
io.grpc:grpc-core:1.63.1=acceptanceTestRuntimeClasspath,runtimeClasspath,testRuntimeClasspath
io.grpc:grpc-kotlin-stub:1.4.1=acceptanceTestRuntimeClasspath,runtimeClasspath,testRuntimeClasspath
io.grpc:grpc-netty-shaded:1.63.1=acceptanceTestRuntimeClasspath,runtimeClasspath,testRuntimeClasspath
io.grpc:grpc-protobuf-lite:1.63.1=acceptanceTestRuntimeClasspath,runtimeClasspath,testRuntimeClasspath
io.grpc:grpc-protobuf:1.63.1=acceptanceTestRuntimeClasspath,runtimeClasspath,testRuntimeClasspath
io.grpc:grpc-stub:1.63.1=acceptanceTestRuntimeClasspath,runtimeClasspath,testRuntimeClasspath
io.grpc:grpc-util:1.63.1=acceptanceTestRuntimeClasspath,runtimeClasspath,testRuntimeClasspath
io.micrometer:micrometer-commons:1.15.3=acceptanceTestCompileClasspath,acceptanceTestImplementationDependenciesMetadata,acceptanceTestRuntimeClasspath,compileClasspath,implementationDependenciesMetadata,runtimeClasspath,testCompileClasspath,testImplementationDependenciesMetadata,testRuntimeClasspath
io.micrometer:micrometer-observation:1.15.3=acceptanceTestCompileClasspath,acceptanceTestImplementationDependenciesMetadata,acceptanceTestRuntimeClasspath,compileClasspath,implementationDependenciesMetadata,runtimeClasspath,testCompileClasspath,testImplementationDependenciesMetadata,testRuntimeClasspath
io.perfmark:perfmark-api:0.26.0=acceptanceTestRuntimeClasspath,runtimeClasspath,testRuntimeClasspath
io.projectreactor:reactor-core:3.7.9=acceptanceTestRuntimeClasspath,runtimeClasspath,testRuntimeClasspath
io.r2dbc:r2dbc-spi:1.0.0.RELEASE=acceptanceTestCompileClasspath,acceptanceTestImplementationDependenciesMetadata,acceptanceTestRuntimeClasspath,compileClasspath,implementationDependenciesMetadata,runtimeClasspath,testCompileClasspath,testImplementationDependenciesMetadata,testRuntimeClasspath
io.sentry:sentry-spring-jakarta:7.22.6=acceptanceTestRuntimeClasspath,runtimeClasspath,testRuntimeClasspath
io.sentry:sentry:7.22.6=acceptanceTestRuntimeClasspath,runtimeClasspath,testRuntimeClasspath
io.swagger:swagger-annotations:1.6.16=acceptanceTestRuntimeClasspath,runtimeClasspath,testRuntimeClasspath
io.temporal:temporal-bom:1.31.0=acceptanceTestCompileClasspath,acceptanceTestImplementationDependenciesMetadata,acceptanceTestRuntimeClasspath,compileClasspath,implementationDependenciesMetadata,runtimeClasspath,testCompileClasspath,testImplementationDependenciesMetadata,testRuntimeClasspath
jakarta.activation:jakarta.activation-api:1.2.1=dokkaGfmPartialRuntime,dokkaGfmRuntime,dokkaHtmlPartialRuntime,dokkaHtmlRuntime,dokkaJavadocPartialRuntime,dokkaJavadocRuntime,dokkaJekyllPartialRuntime,dokkaJekyllRuntime
jakarta.activation:jakarta.activation-api:2.1.3=acceptanceTestCompileClasspath,acceptanceTestImplementationDependenciesMetadata,acceptanceTestRuntimeClasspath,testCompileClasspath,testImplementationDependenciesMetadata,testRuntimeClasspath
jakarta.annotation:jakarta.annotation-api:2.1.1=acceptanceTestCompileClasspath,acceptanceTestImplementationDependenciesMetadata,acceptanceTestRuntimeClasspath,compileClasspath,implementationDependenciesMetadata,runtimeClasspath,testCompileClasspath,testImplementationDependenciesMetadata,testRuntimeClasspath
jakarta.inject:jakarta.inject-api:2.0.1=acceptanceTestRuntimeClasspath,runtimeClasspath,testRuntimeClasspath
jakarta.ws.rs:jakarta.ws.rs-api:3.1.0=acceptanceTestRuntimeClasspath,runtimeClasspath,testRuntimeClasspath
jakarta.xml.bind:jakarta.xml.bind-api:2.3.2=dokkaGfmPartialRuntime,dokkaGfmRuntime,dokkaHtmlPartialRuntime,dokkaHtmlRuntime,dokkaJavadocPartialRuntime,dokkaJavadocRuntime,dokkaJekyllPartialRuntime,dokkaJekyllRuntime
jakarta.xml.bind:jakarta.xml.bind-api:4.0.2=acceptanceTestCompileClasspath,acceptanceTestImplementationDependenciesMetadata,acceptanceTestRuntimeClasspath,testCompileClasspath,testImplementationDependenciesMetadata,testRuntimeClasspath
javax.annotation:javax.annotation-api:1.3.2=acceptanceTestRuntimeClasspath,runtimeClasspath,testRuntimeClasspath
joda-time:joda-time:2.14.0=acceptanceTestRuntimeClasspath
junit:junit:4.13.2=acceptanceTestRuntimeClasspath
net.bytebuddy:byte-buddy-agent:1.17.7=acceptanceTestCompileClasspath,acceptanceTestImplementationDependenciesMetadata,acceptanceTestRuntimeClasspath,testCompileClasspath,testImplementationDependenciesMetadata,testRuntimeClasspath
net.bytebuddy:byte-buddy:1.17.7=acceptanceTestCompileClasspath,acceptanceTestImplementationDependenciesMetadata,acceptanceTestRuntimeClasspath,testCompileClasspath,testImplementationDependenciesMetadata,testRuntimeClasspath
net.java.dev.jna:jna:5.13.0=acceptanceTestRuntimeClasspath
net.minidev:accessors-smart:2.5.2=acceptanceTestCompileClasspath,acceptanceTestImplementationDependenciesMetadata,acceptanceTestRuntimeClasspath,testCompileClasspath,testImplementationDependenciesMetadata,testRuntimeClasspath
net.minidev:json-smart:2.5.2=acceptanceTestCompileClasspath,acceptanceTestImplementationDependenciesMetadata,acceptanceTestRuntimeClasspath,testCompileClasspath,testImplementationDependenciesMetadata,testRuntimeClasspath
org.apache.commons:commons-compress:1.24.0=acceptanceTestRuntimeClasspath
org.apache.logging.log4j:log4j-api:2.24.3=acceptanceTestCompileClasspath,acceptanceTestImplementationDependenciesMetadata,acceptanceTestRuntimeClasspath,compileClasspath,implementationDependenciesMetadata,runtimeClasspath,testCompileClasspath,testImplementationDependenciesMetadata,testRuntimeClasspath
org.apache.logging.log4j:log4j-to-slf4j:2.24.3=acceptanceTestCompileClasspath,acceptanceTestImplementationDependenciesMetadata,acceptanceTestRuntimeClasspath,compileClasspath,implementationDependenciesMetadata,runtimeClasspath,testCompileClasspath,testImplementationDependenciesMetadata,testRuntimeClasspath
org.apache.tomcat.embed:tomcat-embed-core:10.1.44=acceptanceTestCompileClasspath,acceptanceTestImplementationDependenciesMetadata,acceptanceTestRuntimeClasspath,compileClasspath,implementationDependenciesMetadata,runtimeClasspath,testCompileClasspath,testImplementationDependenciesMetadata,testRuntimeClasspath
org.apache.tomcat.embed:tomcat-embed-el:10.1.44=acceptanceTestCompileClasspath,acceptanceTestImplementationDependenciesMetadata,acceptanceTestRuntimeClasspath,compileClasspath,implementationDependenciesMetadata,runtimeClasspath,testCompileClasspath,testImplementationDependenciesMetadata,testRuntimeClasspath
org.apache.tomcat.embed:tomcat-embed-websocket:10.1.44=acceptanceTestCompileClasspath,acceptanceTestImplementationDependenciesMetadata,acceptanceTestRuntimeClasspath,compileClasspath,implementationDependenciesMetadata,runtimeClasspath,testCompileClasspath,testImplementationDependenciesMetadata,testRuntimeClasspath
org.apiguardian:apiguardian-api:1.1.2=acceptanceTestCompileClasspath,acceptanceTestImplementationDependenciesMetadata,testCompileClasspath,testImplementationDependenciesMetadata
org.assertj:assertj-core:3.27.4=acceptanceTestCompileClasspath,acceptanceTestImplementationDependenciesMetadata,acceptanceTestRuntimeClasspath,testCompileClasspath,testImplementationDependenciesMetadata,testRuntimeClasspath
org.awaitility:awaitility:4.2.2=acceptanceTestCompileClasspath,acceptanceTestImplementationDependenciesMetadata,acceptanceTestRuntimeClasspath,testCompileClasspath,testImplementationDependenciesMetadata,testRuntimeClasspath
org.checkerframework:checker-qual:3.49.3=acceptanceTestRuntimeClasspath,runtimeClasspath,testRuntimeClasspath
org.codehaus.mojo:animal-sniffer-annotations:1.23=acceptanceTestRuntimeClasspath,runtimeClasspath,testRuntimeClasspath
org.codehaus.woodstox:stax2-api:4.2.1=dokkaGfmPartialRuntime,dokkaGfmRuntime,dokkaHtmlPartialRuntime,dokkaHtmlRuntime,dokkaJavadocPartialRuntime,dokkaJavadocRuntime,dokkaJekyllPartialRuntime,dokkaJekyllRuntime
org.ec4j.core:ec4j-core:0.3.0=ktlint,ktlintBaselineReporter,ktlintRuleset
org.flywaydb:flyway-core:11.7.2=acceptanceTestRuntimeClasspath
org.flywaydb:flyway-mysql:11.7.2=acceptanceTestRuntimeClasspath
org.freemarker:freemarker:2.3.32=dokkaGfmPartialPlugin,dokkaGfmPlugin,dokkaHtmlPartialPlugin,dokkaHtmlPlugin,dokkaJavadocPartialPlugin,dokkaJavadocPlugin,dokkaJekyllPartialPlugin,dokkaJekyllPlugin
org.glassfish.hk2:osgi-resource-locator:1.0.3=acceptanceTestRuntimeClasspath,runtimeClasspath,testRuntimeClasspath
org.glassfish.jersey.core:jersey-common:3.1.11=acceptanceTestRuntimeClasspath,runtimeClasspath,testRuntimeClasspath
org.hamcrest:hamcrest-core:3.0=acceptanceTestRuntimeClasspath
org.hamcrest:hamcrest:3.0=acceptanceTestCompileClasspath,acceptanceTestImplementationDependenciesMetadata,acceptanceTestRuntimeClasspath,testCompileClasspath,testImplementationDependenciesMetadata,testRuntimeClasspath
org.jacoco:org.jacoco.agent:0.8.12=jacocoAgent,jacocoAnt
org.jacoco:org.jacoco.ant:0.8.12=jacocoAnt
org.jacoco:org.jacoco.core:0.8.12=jacocoAnt
org.jacoco:org.jacoco.report:0.8.12=jacocoAnt
org.jetbrains.dokka:analysis-kotlin-descriptors:2.0.0=dokkaGfmPartialPlugin,dokkaGfmPlugin,dokkaHtmlPartialPlugin,dokkaHtmlPlugin,dokkaJavadocPartialPlugin,dokkaJavadocPlugin,dokkaJekyllPartialPlugin,dokkaJekyllPlugin
org.jetbrains.dokka:analysis-markdown:2.0.0=dokkaGfmPartialPlugin,dokkaGfmPlugin,dokkaHtmlPartialPlugin,dokkaHtmlPlugin,dokkaJavadocPartialPlugin,dokkaJavadocPlugin,dokkaJekyllPartialPlugin,dokkaJekyllPlugin
org.jetbrains.dokka:dokka-base:2.0.0=dokkaGfmPartialPlugin,dokkaGfmPlugin,dokkaHtmlPartialPlugin,dokkaHtmlPlugin,dokkaJavadocPartialPlugin,dokkaJavadocPlugin,dokkaJekyllPartialPlugin,dokkaJekyllPlugin
org.jetbrains.dokka:dokka-core:2.0.0=dokkaGfmPartialRuntime,dokkaGfmRuntime,dokkaHtmlPartialRuntime,dokkaHtmlRuntime,dokkaJavadocPartialRuntime,dokkaJavadocRuntime,dokkaJekyllPartialRuntime,dokkaJekyllRuntime
org.jetbrains.dokka:gfm-plugin:2.0.0=dokkaGfmPartialPlugin,dokkaGfmPlugin,dokkaJekyllPartialPlugin,dokkaJekyllPlugin
org.jetbrains.dokka:javadoc-plugin:2.0.0=dokkaJavadocPartialPlugin,dokkaJavadocPlugin
org.jetbrains.dokka:jekyll-plugin:2.0.0=dokkaJekyllPartialPlugin,dokkaJekyllPlugin
org.jetbrains.dokka:kotlin-as-java-plugin:2.0.0=dokkaJavadocPartialPlugin,dokkaJavadocPlugin
org.jetbrains.exposed:exposed-core:0.54.0=acceptanceTestRuntimeClasspath
org.jetbrains.exposed:exposed-java-time:0.54.0=acceptanceTestRuntimeClasspath
org.jetbrains.exposed:exposed-jdbc:0.54.0=acceptanceTestRuntimeClasspath
org.jetbrains.intellij.deps:trove4j:1.0.20200330=kotlinBuildToolsApiClasspath,kotlinCompilerClasspath,kotlinKlibCommonizerClasspath,ktlint,ktlintBaselineReporter,ktlintRuleset
org.jetbrains.kotlin:kotlin-annotation-processing-gradle:2.1.20=kotlinCompilerPluginClasspathAcceptanceTest,kotlinCompilerPluginClasspathMain,kotlinCompilerPluginClasspathTest,kotlinKaptWorkerDependencies
org.jetbrains.kotlin:kotlin-build-tools-api:2.1.20=kotlinBuildToolsApiClasspath
org.jetbrains.kotlin:kotlin-build-tools-impl:2.1.20=kotlinBuildToolsApiClasspath
org.jetbrains.kotlin:kotlin-compiler-embeddable:1.9.10=ktlint,ktlintBaselineReporter,ktlintRuleset
org.jetbrains.kotlin:kotlin-compiler-embeddable:2.1.20=kotlinBuildToolsApiClasspath,kotlinCompilerClasspath,kotlinKlibCommonizerClasspath
org.jetbrains.kotlin:kotlin-compiler-runner:2.1.20=kotlinBuildToolsApiClasspath
org.jetbrains.kotlin:kotlin-daemon-client:2.1.20=kotlinBuildToolsApiClasspath
org.jetbrains.kotlin:kotlin-daemon-embeddable:1.9.10=ktlint,ktlintBaselineReporter,ktlintRuleset
org.jetbrains.kotlin:kotlin-daemon-embeddable:2.1.20=kotlinBuildToolsApiClasspath,kotlinCompilerClasspath,kotlinKlibCommonizerClasspath
org.jetbrains.kotlin:kotlin-klib-commonizer-embeddable:2.1.20=kotlinKlibCommonizerClasspath
org.jetbrains.kotlin:kotlin-reflect:1.6.10=kotlinBuildToolsApiClasspath,kotlinCompilerClasspath,kotlinKlibCommonizerClasspath,ktlint,ktlintBaselineReporter,ktlintRuleset
org.jetbrains.kotlin:kotlin-reflect:2.0.20=dokkaGfmPartialPlugin,dokkaGfmPartialRuntime,dokkaGfmPlugin,dokkaGfmRuntime,dokkaHtmlPartialPlugin,dokkaHtmlPartialRuntime,dokkaHtmlPlugin,dokkaHtmlRuntime,dokkaJavadocPartialPlugin,dokkaJavadocPartialRuntime,dokkaJavadocPlugin,dokkaJavadocRuntime,dokkaJekyllPartialPlugin,dokkaJekyllPartialRuntime,dokkaJekyllPlugin,dokkaJekyllRuntime
org.jetbrains.kotlin:kotlin-reflect:2.1.20=acceptanceTestCompileClasspath,acceptanceTestImplementationDependenciesMetadata,acceptanceTestRuntimeClasspath,runtimeClasspath,testRuntimeClasspath
org.jetbrains.kotlin:kotlin-script-runtime:1.9.10=ktlint,ktlintBaselineReporter,ktlintRuleset
org.jetbrains.kotlin:kotlin-script-runtime:2.1.20=kotlinBuildToolsApiClasspath,kotlinCompilerClasspath,kotlinCompilerPluginClasspathAcceptanceTest,kotlinCompilerPluginClasspathMain,kotlinCompilerPluginClasspathTest,kotlinKlibCommonizerClasspath
org.jetbrains.kotlin:kotlin-scripting-common:2.1.20=kotlinBuildToolsApiClasspath,kotlinCompilerPluginClasspathAcceptanceTest,kotlinCompilerPluginClasspathMain,kotlinCompilerPluginClasspathTest
org.jetbrains.kotlin:kotlin-scripting-compiler-embeddable:2.1.20=kotlinBuildToolsApiClasspath,kotlinCompilerPluginClasspathAcceptanceTest,kotlinCompilerPluginClasspathMain,kotlinCompilerPluginClasspathTest
org.jetbrains.kotlin:kotlin-scripting-compiler-impl-embeddable:2.1.20=kotlinBuildToolsApiClasspath,kotlinCompilerPluginClasspathAcceptanceTest,kotlinCompilerPluginClasspathMain,kotlinCompilerPluginClasspathTest
org.jetbrains.kotlin:kotlin-scripting-jvm:2.1.20=kotlinBuildToolsApiClasspath,kotlinCompilerPluginClasspathAcceptanceTest,kotlinCompilerPluginClasspathMain,kotlinCompilerPluginClasspathTest
org.jetbrains.kotlin:kotlin-stdlib-common:1.9.10=ktlint,ktlintBaselineReporter,ktlintReporter,ktlintRuleset
org.jetbrains.kotlin:kotlin-stdlib-common:2.0.20=dokkaGfmPartialPlugin,dokkaGfmPartialRuntime,dokkaGfmPlugin,dokkaGfmRuntime,dokkaHtmlPartialPlugin,dokkaHtmlPartialRuntime,dokkaHtmlPlugin,dokkaHtmlRuntime,dokkaJavadocPartialPlugin,dokkaJavadocPartialRuntime,dokkaJavadocPlugin,dokkaJavadocRuntime,dokkaJekyllPartialPlugin,dokkaJekyllPartialRuntime,dokkaJekyllPlugin,dokkaJekyllRuntime
org.jetbrains.kotlin:kotlin-stdlib-jdk7:1.8.20=dokkaGfmPartialPlugin,dokkaGfmPartialRuntime,dokkaGfmPlugin,dokkaGfmRuntime,dokkaHtmlPartialPlugin,dokkaHtmlPartialRuntime,dokkaHtmlPlugin,dokkaHtmlRuntime,dokkaJavadocPartialRuntime,dokkaJavadocRuntime,dokkaJekyllPartialPlugin,dokkaJekyllPartialRuntime,dokkaJekyllPlugin,dokkaJekyllRuntime
org.jetbrains.kotlin:kotlin-stdlib-jdk7:1.9.0=dokkaJavadocPartialPlugin,dokkaJavadocPlugin
org.jetbrains.kotlin:kotlin-stdlib-jdk7:1.9.10=ktlint,ktlintBaselineReporter,ktlintReporter,ktlintRuleset
org.jetbrains.kotlin:kotlin-stdlib-jdk8:1.8.20=dokkaGfmPartialPlugin,dokkaGfmPartialRuntime,dokkaGfmPlugin,dokkaGfmRuntime,dokkaHtmlPartialPlugin,dokkaHtmlPartialRuntime,dokkaHtmlPlugin,dokkaHtmlRuntime,dokkaJavadocPartialRuntime,dokkaJavadocRuntime,dokkaJekyllPartialPlugin,dokkaJekyllPartialRuntime,dokkaJekyllPlugin,dokkaJekyllRuntime
org.jetbrains.kotlin:kotlin-stdlib-jdk8:1.9.0=dokkaJavadocPartialPlugin,dokkaJavadocPlugin
org.jetbrains.kotlin:kotlin-stdlib-jdk8:1.9.10=ktlint,ktlintBaselineReporter,ktlintReporter,ktlintRuleset
org.jetbrains.kotlin:kotlin-stdlib:1.9.10=ktlint,ktlintBaselineReporter,ktlintReporter,ktlintRuleset
org.jetbrains.kotlin:kotlin-stdlib:2.0.20=dokkaGfmPartialPlugin,dokkaGfmPartialRuntime,dokkaGfmPlugin,dokkaGfmRuntime,dokkaHtmlPartialPlugin,dokkaHtmlPartialRuntime,dokkaHtmlPlugin,dokkaHtmlRuntime,dokkaJavadocPartialPlugin,dokkaJavadocPartialRuntime,dokkaJavadocPlugin,dokkaJavadocRuntime,dokkaJekyllPartialPlugin,dokkaJekyllPartialRuntime,dokkaJekyllPlugin,dokkaJekyllRuntime
org.jetbrains.kotlin:kotlin-stdlib:2.1.20=acceptanceTestCompileClasspath,acceptanceTestImplementationDependenciesMetadata,acceptanceTestRuntimeClasspath,compileClasspath,implementationDependenciesMetadata,kotlinBuildToolsApiClasspath,kotlinCompilerClasspath,kotlinCompilerPluginClasspathAcceptanceTest,kotlinCompilerPluginClasspathMain,kotlinCompilerPluginClasspathTest,kotlinKaptWorkerDependencies,kotlinKlibCommonizerClasspath,runtimeClasspath,testCompileClasspath,testImplementationDependenciesMetadata,testRuntimeClasspath
org.jetbrains.kotlinx:kotlinx-coroutines-bom:1.7.3=dokkaGfmPartialPlugin,dokkaGfmPartialRuntime,dokkaGfmPlugin,dokkaGfmRuntime,dokkaHtmlPartialPlugin,dokkaHtmlPartialRuntime,dokkaHtmlPlugin,dokkaHtmlRuntime,dokkaJavadocPartialPlugin,dokkaJavadocPartialRuntime,dokkaJavadocPlugin,dokkaJavadocRuntime,dokkaJekyllPartialPlugin,dokkaJekyllPartialRuntime,dokkaJekyllPlugin,dokkaJekyllRuntime
org.jetbrains.kotlinx:kotlinx-coroutines-bom:1.8.1=acceptanceTestCompileClasspath,acceptanceTestImplementationDependenciesMetadata,acceptanceTestRuntimeClasspath,compileClasspath,implementationDependenciesMetadata,runtimeClasspath,testCompileClasspath,testImplementationDependenciesMetadata,testRuntimeClasspath
org.jetbrains.kotlinx:kotlinx-coroutines-core-jvm:1.7.3=dokkaGfmPartialPlugin,dokkaGfmPartialRuntime,dokkaGfmPlugin,dokkaGfmRuntime,dokkaHtmlPartialPlugin,dokkaHtmlPartialRuntime,dokkaHtmlPlugin,dokkaHtmlRuntime,dokkaJavadocPartialPlugin,dokkaJavadocPartialRuntime,dokkaJavadocPlugin,dokkaJavadocRuntime,dokkaJekyllPartialPlugin,dokkaJekyllPartialRuntime,dokkaJekyllPlugin,dokkaJekyllRuntime
org.jetbrains.kotlinx:kotlinx-coroutines-core-jvm:1.8.0=kotlinBuildToolsApiClasspath,kotlinCompilerClasspath,kotlinKlibCommonizerClasspath
org.jetbrains.kotlinx:kotlinx-coroutines-core-jvm:1.8.1=acceptanceTestRuntimeClasspath,runtimeClasspath,testRuntimeClasspath
org.jetbrains.kotlinx:kotlinx-coroutines-core:1.7.3=dokkaGfmPartialPlugin,dokkaGfmPartialRuntime,dokkaGfmPlugin,dokkaGfmRuntime,dokkaHtmlPartialPlugin,dokkaHtmlPartialRuntime,dokkaHtmlPlugin,dokkaHtmlRuntime,dokkaJavadocPartialPlugin,dokkaJavadocPartialRuntime,dokkaJavadocPlugin,dokkaJavadocRuntime,dokkaJekyllPartialPlugin,dokkaJekyllPartialRuntime,dokkaJekyllPlugin,dokkaJekyllRuntime
org.jetbrains.kotlinx:kotlinx-coroutines-core:1.8.1=acceptanceTestRuntimeClasspath,runtimeClasspath,testRuntimeClasspath
org.jetbrains.kotlinx:kotlinx-coroutines-reactive:1.8.1=acceptanceTestRuntimeClasspath,runtimeClasspath,testRuntimeClasspath
org.jetbrains.kotlinx:kotlinx-coroutines-reactor:1.8.1=acceptanceTestRuntimeClasspath,runtimeClasspath,testRuntimeClasspath
org.jetbrains.kotlinx:kotlinx-html-jvm:0.9.1=dokkaGfmPartialPlugin,dokkaGfmPlugin,dokkaHtmlPartialPlugin,dokkaHtmlPlugin,dokkaJavadocPartialPlugin,dokkaJavadocPlugin,dokkaJekyllPartialPlugin,dokkaJekyllPlugin
org.jetbrains.kotlinx:kotlinx-serialization-core-jvm:1.4.1=ktlintReporter
org.jetbrains.kotlinx:kotlinx-serialization-core:1.4.1=ktlintReporter
org.jetbrains.kotlinx:kotlinx-serialization-json-jvm:1.4.1=ktlintReporter
org.jetbrains.kotlinx:kotlinx-serialization-json:1.4.1=ktlintReporter
org.jetbrains:annotations:13.0=acceptanceTestCompileClasspath,compileClasspath,kotlinBuildToolsApiClasspath,kotlinCompilerClasspath,kotlinCompilerPluginClasspathAcceptanceTest,kotlinCompilerPluginClasspathMain,kotlinCompilerPluginClasspathTest,kotlinKaptWorkerDependencies,kotlinKlibCommonizerClasspath,ktlint,ktlintBaselineReporter,ktlintReporter,ktlintRuleset,testCompileClasspath
org.jetbrains:annotations:23.0.0=acceptanceTestRuntimeClasspath,dokkaGfmPartialPlugin,dokkaGfmPartialRuntime,dokkaGfmPlugin,dokkaGfmRuntime,dokkaHtmlPartialPlugin,dokkaHtmlPartialRuntime,dokkaHtmlPlugin,dokkaHtmlRuntime,dokkaJavadocPartialPlugin,dokkaJavadocPartialRuntime,dokkaJavadocPlugin,dokkaJavadocRuntime,dokkaJekyllPartialPlugin,dokkaJekyllPartialRuntime,dokkaJekyllPlugin,dokkaJekyllRuntime,runtimeClasspath,testRuntimeClasspath
org.jetbrains:markdown-jvm:0.7.3=dokkaGfmPartialPlugin,dokkaGfmPlugin,dokkaHtmlPartialPlugin,dokkaHtmlPlugin,dokkaJavadocPartialPlugin,dokkaJavadocPlugin,dokkaJekyllPartialPlugin,dokkaJekyllPlugin
org.jetbrains:markdown:0.7.3=dokkaGfmPartialPlugin,dokkaGfmPlugin,dokkaHtmlPartialPlugin,dokkaHtmlPlugin,dokkaJavadocPartialPlugin,dokkaJavadocPlugin,dokkaJekyllPartialPlugin,dokkaJekyllPlugin
org.jooq.pro:jooq:3.19.24=acceptanceTestCompileClasspath,acceptanceTestImplementationDependenciesMetadata,acceptanceTestRuntimeClasspath,compileClasspath,implementationDependenciesMetadata,runtimeClasspath,testCompileClasspath,testImplementationDependenciesMetadata,testRuntimeClasspath
org.jsoup:jsoup:1.16.1=dokkaGfmPartialPlugin,dokkaGfmPlugin,dokkaHtmlPartialPlugin,dokkaHtmlPlugin,dokkaJavadocPartialPlugin,dokkaJavadocPlugin,dokkaJekyllPartialPlugin,dokkaJekyllPlugin
org.junit.jupiter:junit-jupiter-api:5.12.2=acceptanceTestCompileClasspath,acceptanceTestImplementationDependenciesMetadata,acceptanceTestRuntimeClasspath,testCompileClasspath,testImplementationDependenciesMetadata,testRuntimeClasspath
org.junit.jupiter:junit-jupiter-engine:5.12.2=acceptanceTestRuntimeClasspath,testRuntimeClasspath
org.junit.jupiter:junit-jupiter-params:5.12.2=acceptanceTestCompileClasspath,acceptanceTestImplementationDependenciesMetadata,acceptanceTestRuntimeClasspath,testCompileClasspath,testImplementationDependenciesMetadata,testRuntimeClasspath
org.junit.jupiter:junit-jupiter:5.12.2=acceptanceTestCompileClasspath,acceptanceTestImplementationDependenciesMetadata,acceptanceTestRuntimeClasspath,testCompileClasspath,testImplementationDependenciesMetadata,testRuntimeClasspath
org.junit.platform:junit-platform-commons:1.12.2=acceptanceTestCompileClasspath,acceptanceTestImplementationDependenciesMetadata,acceptanceTestRuntimeClasspath,testCompileClasspath,testImplementationDependenciesMetadata,testRuntimeClasspath
org.junit.platform:junit-platform-engine:1.12.2=acceptanceTestRuntimeClasspath,testRuntimeClasspath
org.junit.platform:junit-platform-launcher:1.12.2=acceptanceTestRuntimeClasspath,testRuntimeClasspath
org.junit:junit-bom:5.12.2=acceptanceTestCompileClasspath,acceptanceTestImplementationDependenciesMetadata,acceptanceTestRuntimeClasspath,testCompileClasspath,testImplementationDependenciesMetadata,testRuntimeClasspath
org.mariadb.jdbc:mariadb-java-client:3.5.5=acceptanceTestCompileClasspath,acceptanceTestImplementationDependenciesMetadata,acceptanceTestRuntimeClasspath,compileClasspath,implementationDependenciesMetadata,runtimeClasspath,testCompileClasspath,testImplementationDependenciesMetadata,testRuntimeClasspath
org.mockito:mockito-core:5.17.0=acceptanceTestCompileClasspath,acceptanceTestImplementationDependenciesMetadata,acceptanceTestRuntimeClasspath,testCompileClasspath,testImplementationDependenciesMetadata,testRuntimeClasspath
org.mockito:mockito-junit-jupiter:5.17.0=acceptanceTestCompileClasspath,acceptanceTestImplementationDependenciesMetadata,acceptanceTestRuntimeClasspath,testCompileClasspath,testImplementationDependenciesMetadata,testRuntimeClasspath
org.objenesis:objenesis:3.3=acceptanceTestRuntimeClasspath,testRuntimeClasspath
org.openapitools:jackson-databind-nullable:0.2.7=acceptanceTestRuntimeClasspath,runtimeClasspath,testRuntimeClasspath
org.opentest4j:opentest4j:1.3.0=acceptanceTestCompileClasspath,acceptanceTestImplementationDependenciesMetadata,acceptanceTestRuntimeClasspath,testCompileClasspath,testImplementationDependenciesMetadata,testRuntimeClasspath
org.ow2.asm:asm-commons:9.7=jacocoAnt
org.ow2.asm:asm-tree:9.7=jacocoAnt
org.ow2.asm:asm:9.7=jacocoAnt
org.ow2.asm:asm:9.7.1=acceptanceTestCompileClasspath,acceptanceTestImplementationDependenciesMetadata,acceptanceTestRuntimeClasspath,testCompileClasspath,testImplementationDependenciesMetadata,testRuntimeClasspath
org.postgresql:postgresql:42.7.7=acceptanceTestRuntimeClasspath,runtimeClasspath,testRuntimeClasspath
org.reactivestreams:reactive-streams:1.0.4=acceptanceTestCompileClasspath,acceptanceTestImplementationDependenciesMetadata,acceptanceTestRuntimeClasspath,compileClasspath,implementationDependenciesMetadata,runtimeClasspath,testCompileClasspath,testImplementationDependenciesMetadata,testRuntimeClasspath
org.rnorth.duct-tape:duct-tape:1.0.8=acceptanceTestRuntimeClasspath
org.skyscreamer:jsonassert:1.5.3=acceptanceTestCompileClasspath,acceptanceTestImplementationDependenciesMetadata,acceptanceTestRuntimeClasspath,testCompileClasspath,testImplementationDependenciesMetadata,testRuntimeClasspath
org.slf4j:jul-to-slf4j:2.0.17=acceptanceTestCompileClasspath,acceptanceTestImplementationDependenciesMetadata,acceptanceTestRuntimeClasspath,compileClasspath,implementationDependenciesMetadata,runtimeClasspath,testCompileClasspath,testImplementationDependenciesMetadata,testRuntimeClasspath
org.slf4j:slf4j-api:2.0.17=acceptanceTestCompileClasspath,acceptanceTestImplementationDependenciesMetadata,acceptanceTestRuntimeClasspath,compileClasspath,implementationDependenciesMetadata,runtimeClasspath,testCompileClasspath,testImplementationDependenciesMetadata,testRuntimeClasspath
org.slf4j:slf4j-api:2.0.4=ktlint
org.springframework.boot:spring-boot-autoconfigure:3.5.5=acceptanceTestCompileClasspath,acceptanceTestImplementationDependenciesMetadata,acceptanceTestRuntimeClasspath,compileClasspath,implementationDependenciesMetadata,runtimeClasspath,testCompileClasspath,testImplementationDependenciesMetadata,testRuntimeClasspath
org.springframework.boot:spring-boot-configuration-processor:3.5.5=kapt,kaptAcceptanceTest,kaptClasspath_kaptAcceptanceTestKotlin,kaptClasspath_kaptKotlin,kaptClasspath_kaptTestKotlin,kaptTest
org.springframework.boot:spring-boot-dependencies:3.5.5=acceptanceTestCompileClasspath,acceptanceTestImplementationDependenciesMetadata,acceptanceTestRuntimeClasspath,compileClasspath,implementationDependenciesMetadata,kapt,kaptAcceptanceTest,kaptClasspath_kaptAcceptanceTestKotlin,kaptClasspath_kaptKotlin,kaptClasspath_kaptTestKotlin,kaptTest,runtimeClasspath,testCompileClasspath,testImplementationDependenciesMetadata,testRuntimeClasspath
org.springframework.boot:spring-boot-starter-jdbc:3.5.5=acceptanceTestCompileClasspath,acceptanceTestImplementationDependenciesMetadata,acceptanceTestRuntimeClasspath,testCompileClasspath,testImplementationDependenciesMetadata,testRuntimeClasspath
org.springframework.boot:spring-boot-starter-jooq:3.5.5=acceptanceTestCompileClasspath,acceptanceTestImplementationDependenciesMetadata,acceptanceTestRuntimeClasspath,testCompileClasspath,testImplementationDependenciesMetadata,testRuntimeClasspath
org.springframework.boot:spring-boot-starter-json:3.5.5=acceptanceTestCompileClasspath,acceptanceTestImplementationDependenciesMetadata,acceptanceTestRuntimeClasspath,compileClasspath,implementationDependenciesMetadata,runtimeClasspath,testCompileClasspath,testImplementationDependenciesMetadata,testRuntimeClasspath
org.springframework.boot:spring-boot-starter-logging:3.5.5=acceptanceTestCompileClasspath,acceptanceTestImplementationDependenciesMetadata,acceptanceTestRuntimeClasspath,compileClasspath,implementationDependenciesMetadata,runtimeClasspath,testCompileClasspath,testImplementationDependenciesMetadata,testRuntimeClasspath
org.springframework.boot:spring-boot-starter-test:3.5.5=acceptanceTestCompileClasspath,acceptanceTestImplementationDependenciesMetadata,acceptanceTestRuntimeClasspath,testCompileClasspath,testImplementationDependenciesMetadata,testRuntimeClasspath
org.springframework.boot:spring-boot-starter-tomcat:3.5.5=acceptanceTestCompileClasspath,acceptanceTestImplementationDependenciesMetadata,acceptanceTestRuntimeClasspath,compileClasspath,implementationDependenciesMetadata,runtimeClasspath,testCompileClasspath,testImplementationDependenciesMetadata,testRuntimeClasspath
org.springframework.boot:spring-boot-starter-web:3.5.5=acceptanceTestCompileClasspath,acceptanceTestImplementationDependenciesMetadata,acceptanceTestRuntimeClasspath,compileClasspath,implementationDependenciesMetadata,runtimeClasspath,testCompileClasspath,testImplementationDependenciesMetadata,testRuntimeClasspath
org.springframework.boot:spring-boot-starter:3.5.5=acceptanceTestCompileClasspath,acceptanceTestImplementationDependenciesMetadata,acceptanceTestRuntimeClasspath,compileClasspath,implementationDependenciesMetadata,runtimeClasspath,testCompileClasspath,testImplementationDependenciesMetadata,testRuntimeClasspath
org.springframework.boot:spring-boot-test-autoconfigure:3.5.5=acceptanceTestCompileClasspath,acceptanceTestImplementationDependenciesMetadata,acceptanceTestRuntimeClasspath,testCompileClasspath,testImplementationDependenciesMetadata,testRuntimeClasspath
org.springframework.boot:spring-boot-test:3.5.5=acceptanceTestCompileClasspath,acceptanceTestImplementationDependenciesMetadata,acceptanceTestRuntimeClasspath,testCompileClasspath,testImplementationDependenciesMetadata,testRuntimeClasspath
org.springframework.boot:spring-boot:3.5.5=acceptanceTestCompileClasspath,acceptanceTestImplementationDependenciesMetadata,acceptanceTestRuntimeClasspath,compileClasspath,implementationDependenciesMetadata,runtimeClasspath,testCompileClasspath,testImplementationDependenciesMetadata,testRuntimeClasspath
org.springframework:spring-aop:6.2.10=acceptanceTestCompileClasspath,acceptanceTestImplementationDependenciesMetadata,acceptanceTestRuntimeClasspath,compileClasspath,implementationDependenciesMetadata,runtimeClasspath,testCompileClasspath,testImplementationDependenciesMetadata,testRuntimeClasspath
org.springframework:spring-beans:6.2.10=acceptanceTestCompileClasspath,acceptanceTestImplementationDependenciesMetadata,acceptanceTestRuntimeClasspath,compileClasspath,implementationDependenciesMetadata,runtimeClasspath,testCompileClasspath,testImplementationDependenciesMetadata,testRuntimeClasspath
org.springframework:spring-context:6.2.10=acceptanceTestCompileClasspath,acceptanceTestImplementationDependenciesMetadata,acceptanceTestRuntimeClasspath,compileClasspath,implementationDependenciesMetadata,runtimeClasspath,testCompileClasspath,testImplementationDependenciesMetadata,testRuntimeClasspath
org.springframework:spring-core:6.2.10=acceptanceTestCompileClasspath,acceptanceTestImplementationDependenciesMetadata,acceptanceTestRuntimeClasspath,compileClasspath,implementationDependenciesMetadata,runtimeClasspath,testCompileClasspath,testImplementationDependenciesMetadata,testRuntimeClasspath
org.springframework:spring-expression:6.2.10=acceptanceTestCompileClasspath,acceptanceTestImplementationDependenciesMetadata,acceptanceTestRuntimeClasspath,compileClasspath,implementationDependenciesMetadata,runtimeClasspath,testCompileClasspath,testImplementationDependenciesMetadata,testRuntimeClasspath
org.springframework:spring-jcl:6.2.10=acceptanceTestCompileClasspath,acceptanceTestImplementationDependenciesMetadata,acceptanceTestRuntimeClasspath,compileClasspath,implementationDependenciesMetadata,runtimeClasspath,testCompileClasspath,testImplementationDependenciesMetadata,testRuntimeClasspath
org.springframework:spring-jdbc:6.2.10=acceptanceTestCompileClasspath,acceptanceTestImplementationDependenciesMetadata,acceptanceTestRuntimeClasspath,testCompileClasspath,testImplementationDependenciesMetadata,testRuntimeClasspath
org.springframework:spring-test:6.2.10=acceptanceTestCompileClasspath,acceptanceTestImplementationDependenciesMetadata,acceptanceTestRuntimeClasspath,testCompileClasspath,testImplementationDependenciesMetadata,testRuntimeClasspath
org.springframework:spring-tx:6.2.10=acceptanceTestCompileClasspath,acceptanceTestImplementationDependenciesMetadata,acceptanceTestRuntimeClasspath,testCompileClasspath,testImplementationDependenciesMetadata,testRuntimeClasspath
org.springframework:spring-web:6.2.10=acceptanceTestCompileClasspath,acceptanceTestImplementationDependenciesMetadata,acceptanceTestRuntimeClasspath,compileClasspath,implementationDependenciesMetadata,runtimeClasspath,testCompileClasspath,testImplementationDependenciesMetadata,testRuntimeClasspath
org.springframework:spring-webmvc:6.2.10=acceptanceTestCompileClasspath,acceptanceTestImplementationDependenciesMetadata,acceptanceTestRuntimeClasspath,compileClasspath,implementationDependenciesMetadata,runtimeClasspath,testCompileClasspath,testImplementationDependenciesMetadata,testRuntimeClasspath
org.testcontainers:database-commons:1.21.3=acceptanceTestRuntimeClasspath
org.testcontainers:jdbc:1.21.3=acceptanceTestRuntimeClasspath
org.testcontainers:junit-jupiter:1.21.3=acceptanceTestRuntimeClasspath
org.testcontainers:mariadb:1.21.3=acceptanceTestRuntimeClasspath
org.testcontainers:postgresql:1.21.3=acceptanceTestRuntimeClasspath
org.testcontainers:testcontainers:1.21.3=acceptanceTestRuntimeClasspath
org.xmlunit:xmlunit-core:2.10.3=acceptanceTestCompileClasspath,acceptanceTestImplementationDependenciesMetadata,acceptanceTestRuntimeClasspath,testCompileClasspath,testImplementationDependenciesMetadata,testRuntimeClasspath
org.yaml:snakeyaml:2.4=acceptanceTestCompileClasspath,acceptanceTestImplementationDependenciesMetadata,acceptanceTestRuntimeClasspath,compileClasspath,implementationDependenciesMetadata,runtimeClasspath,testCompileClasspath,testImplementationDependenciesMetadata,testRuntimeClasspath
software.amazon.awssdk:bom:2.33.4=acceptanceTestCompileClasspath,acceptanceTestImplementationDependenciesMetadata,acceptanceTestRuntimeClasspath,compileClasspath,implementationDependenciesMetadata,runtimeClasspath,testCompileClasspath,testImplementationDependenciesMetadata,testRuntimeClasspath
empty=acceptanceTestAnnotationProcessor,acceptanceTestApiDependenciesMetadata,acceptanceTestCompileOnlyDependenciesMetadata,acceptanceTestIntransitiveDependenciesMetadata,acceptanceTestKotlinScriptDefExtensions,compileOnlyDependenciesMetadata,dokkaPlugin,dokkaRuntime,intransitiveDependenciesMetadata,kotlinCompilerPluginClasspath,kotlinNativeCompilerPluginClasspath,kotlinScriptDefExtensions,testAnnotationProcessor,testApiDependenciesMetadata,testCompileOnlyDependenciesMetadata,testIntransitiveDependenciesMetadata,testKotlinScriptDefExtensions
